<?xml version="1.0" encoding="utf-8"?>
<Project ToolsVersion="4.0" xmlns="http://schemas.microsoft.com/developer/msbuild/2003">
  <ItemGroup>
    <ClInclude Include="Header_ITiP_2nd_year_2nd_semmester.h" />
  </ItemGroup>
  <ItemGroup>
    <ClCompile Include="ITiP_2nd_year_2nd_semmester.cpp" />
    <ClCompile Include="GreetingForTheUser.cpp" />
    <ClCompile Include="SelectingATaskForTheUser.cpp" />
    <ClCompile Include="ChoosingThePathOfTheUsersFirstSubtask.cpp" />
    <ClCompile Include="SaveDataToAFile.cpp" />
    <ClCompile Include="SortingTheArrayAccordingToTheMainOption.cpp" />
    <ClCompile Include="Header_ITiP_2nd_year_2nd_semmester.cpp" />
    <ClCompile Include="GetCurrentDateTime.cpp" />
    <ClCompile Include="TheSecondTask.cpp" />
    <ClCompile Include="ControlWork.cpp" />
  </ItemGroup>
</Project>